
Microsoft Visual Studio Solution File, Format Version 12.00
# Visual Studio 14
VisualStudioVersion = 14.0.25420.1
MinimumVisualStudioVersion = 10.0.40219.1
Project("{2150E333-8FDC-42A3-9474-1A3956D46DE8}") = "Common", "Common", "{D707B03A-18CD-4A53-A7EA-0969CAAA3BC8}"
EndProject
Project("{2150E333-8FDC-42A3-9474-1A3956D46DE8}") = "Contract", "Contract", "{5BD1982C-299A-4A42-88C8-FAD9E7DDC7DE}"
EndProject
Project("{2150E333-8FDC-42A3-9474-1A3956D46DE8}") = "Model", "Model", "{49871829-830F-4A69-BA36-7B739FC2E32F}"
EndProject
Project("{2150E333-8FDC-42A3-9474-1A3956D46DE8}") = "View", "View", "{7CBCFFEA-CF85-4D77-AE87-0E49AC0133CD}"
EndProject
Project("{FAE04EC0-301F-11D3-BF4B-00C04F79EFBC}") = "OIS", "View\OIS\OIS.csproj", "{86967651-89F1-456A-B9FE-9E098AEE6D67}"
EndProject
Project("{FAE04EC0-301F-11D3-BF4B-00C04F79EFBC}") = "OIS.SYS.DTO", "Contract\OIS.SYS.DTO\OIS.SYS.DTO.csproj", "{B98C7558-17B1-45DF-92E3-494BF8716CD4}"
EndProject
Project("{FAE04EC0-301F-11D3-BF4B-00C04F79EFBC}") = "OIS.MAS.DTO", "Contract\OIS.MAS.DTO\OIS.MAS.DTO.csproj", "{02472BB3-5EA5-427B-B661-E3AA46296E83}"
EndProject
Project("{FAE04EC0-301F-11D3-BF4B-00C04F79EFBC}") = "OIS.RPT.DTO", "Contract\OIS.RPT.DTO\OIS.RPT.DTO.csproj", "{FF97D28E-AF30-4FA4-B09A-5226B3369545}"
EndProject
Project("{FAE04EC0-301F-11D3-BF4B-00C04F79EFBC}") = "OIS.SYS.DataSvc", "Model\OIS.SYS.DataSvc\OIS.SYS.DataSvc.csproj", "{4051FF35-C6AB-447E-B1CA-E3F7A0BC24B9}"
EndProject
Project("{FAE04EC0-301F-11D3-BF4B-00C04F79EFBC}") = "OIS.MAS.DataSvc", "Model\OIS.MAS.DataSvc\OIS.MAS.DataSvc.csproj", "{A69E9DF5-67AB-4AE6-A41C-043D3E619510}"
EndProject
Project("{FAE04EC0-301F-11D3-BF4B-00C04F79EFBC}") = "OIS.RPT.DataSvc", "Model\OIS.RPT.DataSvc\OIS.RPT.DataSvc.csproj", "{8EF1A5DB-EDD1-4B1A-9C77-88A0E557FFE3}"
EndProject
Project("{2150E333-8FDC-42A3-9474-1A3956D46DE8}") = "ViewModel", "ViewModel", "{03FA95C5-4E0B-46DD-9261-4BD0076172A6}"
EndProject
Project("{FAE04EC0-301F-11D3-BF4B-00C04F79EFBC}") = "OIS.ViewModel", "ViewModel\OIS.ViewModel\OIS.ViewModel.csproj", "{ABE6AA2B-3374-4D12-9DBC-A3E06898EB9D}"
EndProject
Project("{FAE04EC0-301F-11D3-BF4B-00C04F79EFBC}") = "OIS.Common", "Common\OIS.Common\OIS.Common.csproj", "{C2EC7C43-2350-4008-AAC8-987C427D0460}"
EndProject
Project("{FAE04EC0-301F-11D3-BF4B-00C04F79EFBC}") = "OIS.Definition", "Common\OIS.Definition\OIS.Definition.csproj", "{8B4C3F04-9687-4D3E-A308-7CA159BCC167}"
EndProject
Project("{FAE04EC0-301F-11D3-BF4B-00C04F79EFBC}") = "OIS.MAS.DataSvcInt", "Contract\OIS.MAS.DataSvcInt\OIS.MAS.DataSvcInt.csproj", "{42B07453-CC1A-45DC-BF45-5E853D2936BD}"
EndProject
Global
	GlobalSection(SolutionConfigurationPlatforms) = preSolution
		Debug|Any CPU = Debug|Any CPU
		Debug|Mixed Platforms = Debug|Mixed Platforms
		Debug|x86 = Debug|x86
		Release|Any CPU = Release|Any CPU
		Release|Mixed Platforms = Release|Mixed Platforms
		Release|x86 = Release|x86
	EndGlobalSection
	GlobalSection(ProjectConfigurationPlatforms) = postSolution
		{86967651-89F1-456A-B9FE-9E098AEE6D67}.Debug|Any CPU.ActiveCfg = Debug|x86
		{86967651-89F1-456A-B9FE-9E098AEE6D67}.Debug|Mixed Platforms.ActiveCfg = Debug|x86
		{86967651-89F1-456A-B9FE-9E098AEE6D67}.Debug|Mixed Platforms.Build.0 = Debug|x86
		{86967651-89F1-456A-B9FE-9E098AEE6D67}.Debug|x86.ActiveCfg = Debug|x86
		{86967651-89F1-456A-B9FE-9E098AEE6D67}.Debug|x86.Build.0 = Debug|x86
		{86967651-89F1-456A-B9FE-9E098AEE6D67}.Release|Any CPU.ActiveCfg = Release|x86
		{86967651-89F1-456A-B9FE-9E098AEE6D67}.Release|Mixed Platforms.ActiveCfg = Release|x86
		{86967651-89F1-456A-B9FE-9E098AEE6D67}.Release|Mixed Platforms.Build.0 = Release|x86
		{86967651-89F1-456A-B9FE-9E098AEE6D67}.Release|x86.ActiveCfg = Release|x86
		{86967651-89F1-456A-B9FE-9E098AEE6D67}.Release|x86.Build.0 = Release|x86
		{B98C7558-17B1-45DF-92E3-494BF8716CD4}.Debug|Any CPU.ActiveCfg = Debug|Any CPU
		{B98C7558-17B1-45DF-92E3-494BF8716CD4}.Debug|Any CPU.Build.0 = Debug|Any CPU
		{B98C7558-17B1-45DF-92E3-494BF8716CD4}.Debug|Mixed Platforms.ActiveCfg = Debug|Any CPU
		{B98C7558-17B1-45DF-92E3-494BF8716CD4}.Debug|Mixed Platforms.Build.0 = Debug|Any CPU
		{B98C7558-17B1-45DF-92E3-494BF8716CD4}.Debug|x86.ActiveCfg = Debug|Any CPU
		{B98C7558-17B1-45DF-92E3-494BF8716CD4}.Debug|x86.Build.0 = Debug|Any CPU
		{B98C7558-17B1-45DF-92E3-494BF8716CD4}.Release|Any CPU.ActiveCfg = Release|Any CPU
		{B98C7558-17B1-45DF-92E3-494BF8716CD4}.Release|Any CPU.Build.0 = Release|Any CPU
		{B98C7558-17B1-45DF-92E3-494BF8716CD4}.Release|Mixed Platforms.ActiveCfg = Release|Any CPU
		{B98C7558-17B1-45DF-92E3-494BF8716CD4}.Release|Mixed Platforms.Build.0 = Release|Any CPU
		{B98C7558-17B1-45DF-92E3-494BF8716CD4}.Release|x86.ActiveCfg = Release|Any CPU
		{B98C7558-17B1-45DF-92E3-494BF8716CD4}.Release|x86.Build.0 = Release|Any CPU
		{02472BB3-5EA5-427B-B661-E3AA46296E83}.Debug|Any CPU.ActiveCfg = Debug|Any CPU
		{02472BB3-5EA5-427B-B661-E3AA46296E83}.Debug|Any CPU.Build.0 = Debug|Any CPU
		{02472BB3-5EA5-427B-B661-E3AA46296E83}.Debug|Mixed Platforms.ActiveCfg = Debug|Any CPU
		{02472BB3-5EA5-427B-B661-E3AA46296E83}.Debug|Mixed Platforms.Build.0 = Debug|Any CPU
		{02472BB3-5EA5-427B-B661-E3AA46296E83}.Debug|x86.ActiveCfg = Debug|Any CPU
		{02472BB3-5EA5-427B-B661-E3AA46296E83}.Debug|x86.Build.0 = Debug|Any CPU
		{02472BB3-5EA5-427B-B661-E3AA46296E83}.Release|Any CPU.ActiveCfg = Release|Any CPU
		{02472BB3-5EA5-427B-B661-E3AA46296E83}.Release|Any CPU.Build.0 = Release|Any CPU
		{02472BB3-5EA5-427B-B661-E3AA46296E83}.Release|Mixed Platforms.ActiveCfg = Release|Any CPU
		{02472BB3-5EA5-427B-B661-E3AA46296E83}.Release|Mixed Platforms.Build.0 = Release|Any CPU
		{02472BB3-5EA5-427B-B661-E3AA46296E83}.Release|x86.ActiveCfg = Release|Any CPU
		{02472BB3-5EA5-427B-B661-E3AA46296E83}.Release|x86.Build.0 = Release|Any CPU
		{FF97D28E-AF30-4FA4-B09A-5226B3369545}.Debug|Any CPU.ActiveCfg = Debug|Any CPU
		{FF97D28E-AF30-4FA4-B09A-5226B3369545}.Debug|Any CPU.Build.0 = Debug|Any CPU
		{FF97D28E-AF30-4FA4-B09A-5226B3369545}.Debug|Mixed Platforms.ActiveCfg = Debug|Any CPU
		{FF97D28E-AF30-4FA4-B09A-5226B3369545}.Debug|Mixed Platforms.Build.0 = Debug|Any CPU
		{FF97D28E-AF30-4FA4-B09A-5226B3369545}.Debug|x86.ActiveCfg = Debug|Any CPU
		{FF97D28E-AF30-4FA4-B09A-5226B3369545}.Debug|x86.Build.0 = Debug|Any CPU
		{FF97D28E-AF30-4FA4-B09A-5226B3369545}.Release|Any CPU.ActiveCfg = Release|Any CPU
		{FF97D28E-AF30-4FA4-B09A-5226B3369545}.Release|Any CPU.Build.0 = Release|Any CPU
		{FF97D28E-AF30-4FA4-B09A-5226B3369545}.Release|Mixed Platforms.ActiveCfg = Release|Any CPU
		{FF97D28E-AF30-4FA4-B09A-5226B3369545}.Release|Mixed Platforms.Build.0 = Release|Any CPU
		{FF97D28E-AF30-4FA4-B09A-5226B3369545}.Release|x86.ActiveCfg = Release|Any CPU
		{FF97D28E-AF30-4FA4-B09A-5226B3369545}.Release|x86.Build.0 = Release|Any CPU
		{4051FF35-C6AB-447E-B1CA-E3F7A0BC24B9}.Debug|Any CPU.ActiveCfg = Debug|Any CPU
		{4051FF35-C6AB-447E-B1CA-E3F7A0BC24B9}.Debug|Any CPU.Build.0 = Debug|Any CPU
		{4051FF35-C6AB-447E-B1CA-E3F7A0BC24B9}.Debug|Mixed Platforms.ActiveCfg = Debug|Any CPU
		{4051FF35-C6AB-447E-B1CA-E3F7A0BC24B9}.Debug|Mixed Platforms.Build.0 = Debug|Any CPU
		{4051FF35-C6AB-447E-B1CA-E3F7A0BC24B9}.Debug|x86.ActiveCfg = Debug|Any CPU
		{4051FF35-C6AB-447E-B1CA-E3F7A0BC24B9}.Debug|x86.Build.0 = Debug|Any CPU
		{4051FF35-C6AB-447E-B1CA-E3F7A0BC24B9}.Release|Any CPU.ActiveCfg = Release|Any CPU
		{4051FF35-C6AB-447E-B1CA-E3F7A0BC24B9}.Release|Any CPU.Build.0 = Release|Any CPU
		{4051FF35-C6AB-447E-B1CA-E3F7A0BC24B9}.Release|Mixed Platforms.ActiveCfg = Release|Any CPU
		{4051FF35-C6AB-447E-B1CA-E3F7A0BC24B9}.Release|Mixed Platforms.Build.0 = Release|Any CPU
		{4051FF35-C6AB-447E-B1CA-E3F7A0BC24B9}.Release|x86.ActiveCfg = Release|Any CPU
		{4051FF35-C6AB-447E-B1CA-E3F7A0BC24B9}.Release|x86.Build.0 = Release|Any CPU
		{A69E9DF5-67AB-4AE6-A41C-043D3E619510}.Debug|Any CPU.ActiveCfg = Debug|Any CPU
		{A69E9DF5-67AB-4AE6-A41C-043D3E619510}.Debug|Any CPU.Build.0 = Debug|Any CPU
		{A69E9DF5-67AB-4AE6-A41C-043D3E619510}.Debug|Mixed Platforms.ActiveCfg = Debug|Any CPU
		{A69E9DF5-67AB-4AE6-A41C-043D3E619510}.Debug|Mixed Platforms.Build.0 = Debug|Any CPU
		{A69E9DF5-67AB-4AE6-A41C-043D3E619510}.Debug|x86.ActiveCfg = Debug|Any CPU
		{A69E9DF5-67AB-4AE6-A41C-043D3E619510}.Debug|x86.Build.0 = Debug|Any CPU
		{A69E9DF5-67AB-4AE6-A41C-043D3E619510}.Release|Any CPU.ActiveCfg = Release|Any CPU
		{A69E9DF5-67AB-4AE6-A41C-043D3E619510}.Release|Any CPU.Build.0 = Release|Any CPU
		{A69E9DF5-67AB-4AE6-A41C-043D3E619510}.Release|Mixed Platforms.ActiveCfg = Release|Any CPU
		{A69E9DF5-67AB-4AE6-A41C-043D3E619510}.Release|Mixed Platforms.Build.0 = Release|Any CPU
		{A69E9DF5-67AB-4AE6-A41C-043D3E619510}.Release|x86.ActiveCfg = Release|Any CPU
		{A69E9DF5-67AB-4AE6-A41C-043D3E619510}.Release|x86.Build.0 = Release|Any CPU
		{8EF1A5DB-EDD1-4B1A-9C77-88A0E557FFE3}.Debug|Any CPU.ActiveCfg = Debug|Any CPU
		{8EF1A5DB-EDD1-4B1A-9C77-88A0E557FFE3}.Debug|Any CPU.Build.0 = Debug|Any CPU
		{8EF1A5DB-EDD1-4B1A-9C77-88A0E557FFE3}.Debug|Mixed Platforms.ActiveCfg = Debug|Any CPU
		{8EF1A5DB-EDD1-4B1A-9C77-88A0E557FFE3}.Debug|Mixed Platforms.Build.0 = Debug|Any CPU
		{8EF1A5DB-EDD1-4B1A-9C77-88A0E557FFE3}.Debug|x86.ActiveCfg = Debug|Any CPU
		{8EF1A5DB-EDD1-4B1A-9C77-88A0E557FFE3}.Debug|x86.Build.0 = Debug|Any CPU
		{8EF1A5DB-EDD1-4B1A-9C77-88A0E557FFE3}.Release|Any CPU.ActiveCfg = Release|Any CPU
		{8EF1A5DB-EDD1-4B1A-9C77-88A0E557FFE3}.Release|Any CPU.Build.0 = Release|Any CPU
		{8EF1A5DB-EDD1-4B1A-9C77-88A0E557FFE3}.Release|Mixed Platforms.ActiveCfg = Release|Any CPU
		{8EF1A5DB-EDD1-4B1A-9C77-88A0E557FFE3}.Release|Mixed Platforms.Build.0 = Release|Any CPU
		{8EF1A5DB-EDD1-4B1A-9C77-88A0E557FFE3}.Release|x86.ActiveCfg = Release|Any CPU
		{8EF1A5DB-EDD1-4B1A-9C77-88A0E557FFE3}.Release|x86.Build.0 = Release|Any CPU
		{ABE6AA2B-3374-4D12-9DBC-A3E06898EB9D}.Debug|Any CPU.ActiveCfg = Debug|Any CPU
		{ABE6AA2B-3374-4D12-9DBC-A3E06898EB9D}.Debug|Any CPU.Build.0 = Debug|Any CPU
		{ABE6AA2B-3374-4D12-9DBC-A3E06898EB9D}.Debug|Mixed Platforms.ActiveCfg = Debug|Any CPU
		{ABE6AA2B-3374-4D12-9DBC-A3E06898EB9D}.Debug|Mixed Platforms.Build.0 = Debug|Any CPU
		{ABE6AA2B-3374-4D12-9DBC-A3E06898EB9D}.Debug|x86.ActiveCfg = Debug|Any CPU
		{ABE6AA2B-3374-4D12-9DBC-A3E06898EB9D}.Debug|x86.Build.0 = Debug|Any CPU
		{ABE6AA2B-3374-4D12-9DBC-A3E06898EB9D}.Release|Any CPU.ActiveCfg = Release|Any CPU
		{ABE6AA2B-3374-4D12-9DBC-A3E06898EB9D}.Release|Any CPU.Build.0 = Release|Any CPU
		{ABE6AA2B-3374-4D12-9DBC-A3E06898EB9D}.Release|Mixed Platforms.ActiveCfg = Release|Any CPU
		{ABE6AA2B-3374-4D12-9DBC-A3E06898EB9D}.Release|Mixed Platforms.Build.0 = Release|Any CPU
		{ABE6AA2B-3374-4D12-9DBC-A3E06898EB9D}.Release|x86.ActiveCfg = Release|Any CPU
		{ABE6AA2B-3374-4D12-9DBC-A3E06898EB9D}.Release|x86.Build.0 = Release|Any CPU
		{C2EC7C43-2350-4008-AAC8-987C427D0460}.Debug|Any CPU.ActiveCfg = Debug|Any CPU
		{C2EC7C43-2350-4008-AAC8-987C427D0460}.Debug|Any CPU.Build.0 = Debug|Any CPU
		{C2EC7C43-2350-4008-AAC8-987C427D0460}.Debug|Mixed Platforms.ActiveCfg = Debug|Any CPU
		{C2EC7C43-2350-4008-AAC8-987C427D0460}.Debug|Mixed Platforms.Build.0 = Debug|Any CPU
		{C2EC7C43-2350-4008-AAC8-987C427D0460}.Debug|x86.ActiveCfg = Debug|Any CPU
		{C2EC7C43-2350-4008-AAC8-987C427D0460}.Debug|x86.Build.0 = Debug|Any CPU
		{C2EC7C43-2350-4008-AAC8-987C427D0460}.Release|Any CPU.ActiveCfg = Release|Any CPU
		{C2EC7C43-2350-4008-AAC8-987C427D0460}.Release|Any CPU.Build.0 = Release|Any CPU
		{C2EC7C43-2350-4008-AAC8-987C427D0460}.Release|Mixed Platforms.ActiveCfg = Release|Any CPU
		{C2EC7C43-2350-4008-AAC8-987C427D0460}.Release|Mixed Platforms.Build.0 = Release|Any CPU
		{C2EC7C43-2350-4008-AAC8-987C427D0460}.Release|x86.ActiveCfg = Release|Any CPU
		{C2EC7C43-2350-4008-AAC8-987C427D0460}.Release|x86.Build.0 = Release|Any CPU
		{8B4C3F04-9687-4D3E-A308-7CA159BCC167}.Debug|Any CPU.ActiveCfg = Debug|Any CPU
		{8B4C3F04-9687-4D3E-A308-7CA159BCC167}.Debug|Any CPU.Build.0 = Debug|Any CPU
		{8B4C3F04-9687-4D3E-A308-7CA159BCC167}.Debug|Mixed Platforms.ActiveCfg = Debug|Any CPU
		{8B4C3F04-9687-4D3E-A308-7CA159BCC167}.Debug|Mixed Platforms.Build.0 = Debug|Any CPU
		{8B4C3F04-9687-4D3E-A308-7CA159BCC167}.Debug|x86.ActiveCfg = Debug|Any CPU
		{8B4C3F04-9687-4D3E-A308-7CA159BCC167}.Debug|x86.Build.0 = Debug|Any CPU
		{8B4C3F04-9687-4D3E-A308-7CA159BCC167}.Release|Any CPU.ActiveCfg = Release|Any CPU
		{8B4C3F04-9687-4D3E-A308-7CA159BCC167}.Release|Any CPU.Build.0 = Release|Any CPU
		{8B4C3F04-9687-4D3E-A308-7CA159BCC167}.Release|Mixed Platforms.ActiveCfg = Release|Any CPU
		{8B4C3F04-9687-4D3E-A308-7CA159BCC167}.Release|Mixed Platforms.Build.0 = Release|Any CPU
		{8B4C3F04-9687-4D3E-A308-7CA159BCC167}.Release|x86.ActiveCfg = Release|Any CPU
		{8B4C3F04-9687-4D3E-A308-7CA159BCC167}.Release|x86.Build.0 = Release|Any CPU
		{42B07453-CC1A-45DC-BF45-5E853D2936BD}.Debug|Any CPU.ActiveCfg = Debug|Any CPU
		{42B07453-CC1A-45DC-BF45-5E853D2936BD}.Debug|Any CPU.Build.0 = Debug|Any CPU
		{42B07453-CC1A-45DC-BF45-5E853D2936BD}.Debug|Mixed Platforms.ActiveCfg = Debug|Any CPU
		{42B07453-CC1A-45DC-BF45-5E853D2936BD}.Debug|Mixed Platforms.Build.0 = Debug|Any CPU
		{42B07453-CC1A-45DC-BF45-5E853D2936BD}.Debug|x86.ActiveCfg = Debug|Any CPU
		{42B07453-CC1A-45DC-BF45-5E853D2936BD}.Debug|x86.Build.0 = Debug|Any CPU
		{42B07453-CC1A-45DC-BF45-5E853D2936BD}.Release|Any CPU.ActiveCfg = Release|Any CPU
		{42B07453-CC1A-45DC-BF45-5E853D2936BD}.Release|Any CPU.Build.0 = Release|Any CPU
		{42B07453-CC1A-45DC-BF45-5E853D2936BD}.Release|Mixed Platforms.ActiveCfg = Release|Any CPU
		{42B07453-CC1A-45DC-BF45-5E853D2936BD}.Release|Mixed Platforms.Build.0 = Release|Any CPU
		{42B07453-CC1A-45DC-BF45-5E853D2936BD}.Release|x86.ActiveCfg = Release|Any CPU
		{42B07453-CC1A-45DC-BF45-5E853D2936BD}.Release|x86.Build.0 = Release|Any CPU
	EndGlobalSection
	GlobalSection(SolutionProperties) = preSolution
		HideSolutionNode = FALSE
	EndGlobalSection
	GlobalSection(NestedProjects) = preSolution
		{86967651-89F1-456A-B9FE-9E098AEE6D67} = {7CBCFFEA-CF85-4D77-AE87-0E49AC0133CD}
		{B98C7558-17B1-45DF-92E3-494BF8716CD4} = {5BD1982C-299A-4A42-88C8-FAD9E7DDC7DE}
		{02472BB3-5EA5-427B-B661-E3AA46296E83} = {5BD1982C-299A-4A42-88C8-FAD9E7DDC7DE}
		{FF97D28E-AF30-4FA4-B09A-5226B3369545} = {5BD1982C-299A-4A42-88C8-FAD9E7DDC7DE}
		{4051FF35-C6AB-447E-B1CA-E3F7A0BC24B9} = {49871829-830F-4A69-BA36-7B739FC2E32F}
		{A69E9DF5-67AB-4AE6-A41C-043D3E619510} = {49871829-830F-4A69-BA36-7B739FC2E32F}
		{8EF1A5DB-EDD1-4B1A-9C77-88A0E557FFE3} = {49871829-830F-4A69-BA36-7B739FC2E32F}
		{ABE6AA2B-3374-4D12-9DBC-A3E06898EB9D} = {03FA95C5-4E0B-46DD-9261-4BD0076172A6}
		{C2EC7C43-2350-4008-AAC8-987C427D0460} = {D707B03A-18CD-4A53-A7EA-0969CAAA3BC8}
		{8B4C3F04-9687-4D3E-A308-7CA159BCC167} = {D707B03A-18CD-4A53-A7EA-0969CAAA3BC8}
		{42B07453-CC1A-45DC-BF45-5E853D2936BD} = {5BD1982C-299A-4A42-88C8-FAD9E7DDC7DE}
	EndGlobalSection
EndGlobal
